
Microsoft Visual Studio Solution File, Format Version 12.00
# Visual Studio Version 17
VisualStudioVersion = 17.14.36518.9 d17.14
MinimumVisualStudioVersion = 10.0.40219.1
Project("{FAE04EC0-301F-11D3-BF4B-00C04F79EFBC}") = "Bai01", "Bai01\Bai01.csproj", "{E98F7BE5-6A75-416A-8116-18E55240496C}"
EndProject
Project("{FAE04EC0-301F-11D3-BF4B-00C04F79EFBC}") = "Bai02", "Bai02\Bai02.csproj", "{CA8D0411-4EAF-4578-A200-947CFED18C46}"
EndProject
Project("{FAE04EC0-301F-11D3-BF4B-00C04F79EFBC}") = "Bai03", "Bai03\Bai03.csproj", "{E66E9177-EADB-46DD-918C-4E140B1E6233}"
EndProject
Project("{FAE04EC0-301F-11D3-BF4B-00C04F79EFBC}") = "Bai04", "Bai04\Bai04.csproj", "{8546DE5E-2387-4AAE-8FC1-1298B27F15A7}"
EndProject
Project("{FAE04EC0-301F-11D3-BF4B-00C04F79EFBC}") = "Bai05", "Bai05\Bai05.csproj", "{3B28E870-0724-4FA2-9E2B-379ADE0F923A}"
EndProject
Project("{FAE04EC0-301F-11D3-BF4B-00C04F79EFBC}") = "Bai06", "Bai06\Bai06.csproj", "{C32DE7D5-EBED-49C4-8800-9F67A6D805E4}"
EndProject
Global
	GlobalSection(SolutionConfigurationPlatforms) = preSolution
		Debug|Any CPU = Debug|Any CPU
		Release|Any CPU = Release|Any CPU
	EndGlobalSection
	GlobalSection(ProjectConfigurationPlatforms) = postSolution
		{E98F7BE5-6A75-416A-8116-18E55240496C}.Debug|Any CPU.ActiveCfg = Debug|Any CPU
		{E98F7BE5-6A75-416A-8116-18E55240496C}.Debug|Any CPU.Build.0 = Debug|Any CPU
		{E98F7BE5-6A75-416A-8116-18E55240496C}.Release|Any CPU.ActiveCfg = Release|Any CPU
		{E98F7BE5-6A75-416A-8116-18E55240496C}.Release|Any CPU.Build.0 = Release|Any CPU
		{CA8D0411-4EAF-4578-A200-947CFED18C46}.Debug|Any CPU.ActiveCfg = Debug|Any CPU
		{CA8D0411-4EAF-4578-A200-947CFED18C46}.Debug|Any CPU.Build.0 = Debug|Any CPU
		{CA8D0411-4EAF-4578-A200-947CFED18C46}.Release|Any CPU.ActiveCfg = Release|Any CPU
		{CA8D0411-4EAF-4578-A200-947CFED18C46}.Release|Any CPU.Build.0 = Release|Any CPU
		{E66E9177-EADB-46DD-918C-4E140B1E6233}.Debug|Any CPU.ActiveCfg = Debug|Any CPU
		{E66E9177-EADB-46DD-918C-4E140B1E6233}.Debug|Any CPU.Build.0 = Debug|Any CPU
		{E66E9177-EADB-46DD-918C-4E140B1E6233}.Release|Any CPU.ActiveCfg = Release|Any CPU
		{E66E9177-EADB-46DD-918C-4E140B1E6233}.Release|Any CPU.Build.0 = Release|Any CPU
		{8546DE5E-2387-4AAE-8FC1-1298B27F15A7}.Debug|Any CPU.ActiveCfg = Debug|Any CPU
		{8546DE5E-2387-4AAE-8FC1-1298B27F15A7}.Debug|Any CPU.Build.0 = Debug|Any CPU
		{8546DE5E-2387-4AAE-8FC1-1298B27F15A7}.Release|Any CPU.ActiveCfg = Release|Any CPU
		{8546DE5E-2387-4AAE-8FC1-1298B27F15A7}.Release|Any CPU.Build.0 = Release|Any CPU
		{3B28E870-0724-4FA2-9E2B-379ADE0F923A}.Debug|Any CPU.ActiveCfg = Debug|Any CPU
		{3B28E870-0724-4FA2-9E2B-379ADE0F923A}.Debug|Any CPU.Build.0 = Debug|Any CPU
		{3B28E870-0724-4FA2-9E2B-379ADE0F923A}.Release|Any CPU.ActiveCfg = Release|Any CPU
		{3B28E870-0724-4FA2-9E2B-379ADE0F923A}.Release|Any CPU.Build.0 = Release|Any CPU
		{C32DE7D5-EBED-49C4-8800-9F67A6D805E4}.Debug|Any CPU.ActiveCfg = Debug|Any CPU
		{C32DE7D5-EBED-49C4-8800-9F67A6D805E4}.Debug|Any CPU.Build.0 = Debug|Any CPU
		{C32DE7D5-EBED-49C4-8800-9F67A6D805E4}.Release|Any CPU.ActiveCfg = Release|Any CPU
		{C32DE7D5-EBED-49C4-8800-9F67A6D805E4}.Release|Any CPU.Build.0 = Release|Any CPU
	EndGlobalSection
	GlobalSection(SolutionProperties) = preSolution
		HideSolutionNode = FALSE
	EndGlobalSection
	GlobalSection(ExtensibilityGlobals) = postSolution
		SolutionGuid = {06AFE81D-B7A2-438A-A18D-C44590675813}
	EndGlobalSection
EndGlobal
